// !$*UTF8*$!
{
	archiveVersion = 1;
	classes = {
	};
	objectVersion = 55;
	objects = {

/* Begin PBXBuildFile section */
		16CF5CE6286431D900CFFC41 /* SwiftUIAlarmApp.swift in Sources */ = {isa = PBXBuildFile; fileRef = 16CF5CE5286431D900CFFC41 /* SwiftUIAlarmApp.swift */; };
		16CF5CE8286431D900CFFC41 /* AlarmListView.swift in Sources */ = {isa = PBXBuildFile; fileRef = 16CF5CE7286431D900CFFC41 /* AlarmListView.swift */; };
		16CF5CEA286431DC00CFFC41 /* Assets.xcassets in Resources */ = {isa = PBXBuildFile; fileRef = 16CF5CE9286431DC00CFFC41 /* Assets.xcassets */; };
		16CF5CED286431DC00CFFC41 /* Preview Assets.xcassets in Resources */ = {isa = PBXBuildFile; fileRef = 16CF5CEC286431DC00CFFC41 /* Preview Assets.xcassets */; };
		16CF5CF7286431DD00CFFC41 /* SwiftUIAlarmTests.swift in Sources */ = {isa = PBXBuildFile; fileRef = 16CF5CF6286431DD00CFFC41 /* SwiftUIAlarmTests.swift */; };
		16CF5D01286431DD00CFFC41 /* SwiftUIAlarmUITests.swift in Sources */ = {isa = PBXBuildFile; fileRef = 16CF5D00286431DD00CFFC41 /* SwiftUIAlarmUITests.swift */; };
		16CF5D03286431DD00CFFC41 /* SwiftUIAlarmUITestsLaunchTests.swift in Sources */ = {isa = PBXBuildFile; fileRef = 16CF5D02286431DD00CFFC41 /* SwiftUIAlarmUITestsLaunchTests.swift */; };
		16CF5D1028643BF400CFFC41 /* SceneDelegate.swift in Sources */ = {isa = PBXBuildFile; fileRef = 16CF5D0F28643BF300CFFC41 /* SceneDelegate.swift */; };
		16CF5D1228643DA600CFFC41 /* AlarmData.swift in Sources */ = {isa = PBXBuildFile; fileRef = 16CF5D1128643DA500CFFC41 /* AlarmData.swift */; };
/* End PBXBuildFile section */

/* Begin PBXContainerItemProxy section */
		16CF5CF3286431DD00CFFC41 /* PBXContainerItemProxy */ = {
			isa = PBXContainerItemProxy;
			containerPortal = 16CF5CDA286431D900CFFC41 /* Project object */;
			proxyType = 1;
			remoteGlobalIDString = 16CF5CE1286431D900CFFC41;
			remoteInfo = SwiftUIAlarm;
		};
		16CF5CFD286431DD00CFFC41 /* PBXContainerItemProxy */ = {
			isa = PBXContainerItemProxy;
			containerPortal = 16CF5CDA286431D900CFFC41 /* Project object */;
			proxyType = 1;
			remoteGlobalIDString = 16CF5CE1286431D900CFFC41;
			remoteInfo = SwiftUIAlarm;
		};
/* End PBXContainerItemProxy section */

/* Begin PBXFileReference section */
		16CF5CE2286431D900CFFC41 /* SwiftUIAlarm.app */ = {isa = PBXFileReference; explicitFileType = wrapper.application; includeInIndex = 0; path = SwiftUIAlarm.app; sourceTree = BUILT_PRODUCTS_DIR; };
		16CF5CE5286431D900CFFC41 /* SwiftUIAlarmApp.swift */ = {isa = PBXFileReference; lastKnownFileType = sourcecode.swift; path = SwiftUIAlarmApp.swift; sourceTree = "<group>"; };
		16CF5CE7286431D900CFFC41 /* AlarmListView.swift */ = {isa = PBXFileReference; lastKnownFileType = sourcecode.swift; path = AlarmListView.swift; sourceTree = "<group>"; };
		16CF5CE9286431DC00CFFC41 /* Assets.xcassets */ = {isa = PBXFileReference; lastKnownFileType = folder.assetcatalog; path = Assets.xcassets; sourceTree = "<group>"; };
		16CF5CEC286431DC00CFFC41 /* Preview Assets.xcassets */ = {isa = PBXFileReference; lastKnownFileType = folder.assetcatalog; path = "Preview Assets.xcassets"; sourceTree = "<group>"; };
		16CF5CF2286431DD00CFFC41 /* SwiftUIAlarmTests.xctest */ = {isa = PBXFileReference; explicitFileType = wrapper.cfbundle; includeInIndex = 0; path = SwiftUIAlarmTests.xctest; sourceTree = BUILT_PRODUCTS_DIR; };
		16CF5CF6286431DD00CFFC41 /* SwiftUIAlarmTests.swift */ = {isa = PBXFileReference; lastKnownFileType = sourcecode.swift; path = SwiftUIAlarmTests.swift; sourceTree = "<group>"; };
		16CF5CFC286431DD00CFFC41 /* SwiftUIAlarmUITests.xctest */ = {isa = PBXFileReference; explicitFileType = wrapper.cfbundle; includeInIndex = 0; path = SwiftUIAlarmUITests.xctest; sourceTree = BUILT_PRODUCTS_DIR; };
		16CF5D00286431DD00CFFC41 /* SwiftUIAlarmUITests.swift */ = {isa = PBXFileReference; lastKnownFileType = sourcecode.swift; path = SwiftUIAlarmUITests.swift; sourceTree = "<group>"; };
		16CF5D02286431DD00CFFC41 /* SwiftUIAlarmUITestsLaunchTests.swift */ = {isa = PBXFileReference; lastKnownFileType = sourcecode.swift; path = SwiftUIAlarmUITestsLaunchTests.swift; sourceTree = "<group>"; };
		16CF5D0F28643BF300CFFC41 /* SceneDelegate.swift */ = {isa = PBXFileReference; lastKnownFileType = sourcecode.swift; path = SceneDelegate.swift; sourceTree = "<group>"; };
		16CF5D1128643DA500CFFC41 /* AlarmData.swift */ = {isa = PBXFileReference; lastKnownFileType = sourcecode.swift; path = AlarmData.swift; sourceTree = "<group>"; };
/* End PBXFileReference section */

/* Begin PBXFrameworksBuildPhase section */
		16CF5CDF286431D900CFFC41 /* Frameworks */ = {
			isa = PBXFrameworksBuildPhase;
			buildActionMask = 2147483647;
			files = (
			);
			runOnlyForDeploymentPostprocessing = 0;
		};
		16CF5CEF286431DD00CFFC41 /* Frameworks */ = {
			isa = PBXFrameworksBuildPhase;
			buildActionMask = 2147483647;
			files = (
			);
			runOnlyForDeploymentPostprocessing = 0;
		};
		16CF5CF9286431DD00CFFC41 /* Frameworks */ = {
			isa = PBXFrameworksBuildPhase;
			buildActionMask = 2147483647;
			files = (
			);
			runOnlyForDeploymentPostprocessing = 0;
		};
/* End PBXFrameworksBuildPhase section */

/* Begin PBXGroup section */
		16CF5CD9286431D900CFFC41 = {
			isa = PBXGroup;
			children = (
				16CF5CE4286431D900CFFC41 /* SwiftUIAlarm */,
				16CF5CF5286431DD00CFFC41 /* SwiftUIAlarmTests */,
				16CF5CFF286431DD00CFFC41 /* SwiftUIAlarmUITests */,
				16CF5CE3286431D900CFFC41 /* Products */,
			);
			sourceTree = "<group>";
		};
		16CF5CE3286431D900CFFC41 /* Products */ = {
			isa = PBXGroup;
			children = (
				16CF5CE2286431D900CFFC41 /* SwiftUIAlarm.app */,
				16CF5CF2286431DD00CFFC41 /* SwiftUIAlarmTests.xctest */,
				16CF5CFC286431DD00CFFC41 /* SwiftUIAlarmUITests.xctest */,
			);
			name = Products;
			sourceTree = "<group>";
		};
		16CF5CE4286431D900CFFC41 /* SwiftUIAlarm */ = {
			isa = PBXGroup;
			children = (
				16CF5CE5286431D900CFFC41 /* SwiftUIAlarmApp.swift */,
				16CF5CE7286431D900CFFC41 /* AlarmListView.swift */,
				16CF5CE9286431DC00CFFC41 /* Assets.xcassets */,
				16CF5D0F28643BF300CFFC41 /* SceneDelegate.swift */,
				16CF5D1128643DA500CFFC41 /* AlarmData.swift */,
				16CF5CEB286431DC00CFFC41 /* Preview Content */,
			);
			path = SwiftUIAlarm;
			sourceTree = "<group>";
		};
		16CF5CEB286431DC00CFFC41 /* Preview Content */ = {
			isa = PBXGroup;
			children = (
				16CF5CEC286431DC00CFFC41 /* Preview Assets.xcassets */,
			);
			path = "Preview Content";
			sourceTree = "<group>";
		};
		16CF5CF5286431DD00CFFC41 /* SwiftUIAlarmTests */ = {
			isa = PBXGroup;
			children = (
				16CF5CF6286431DD00CFFC41 /* SwiftUIAlarmTests.swift */,
			);
			path = SwiftUIAlarmTests;
			sourceTree = "<group>";
		};
		16CF5CFF286431DD00CFFC41 /* SwiftUIAlarmUITests */ = {
			isa = PBXGroup;
			children = (
				16CF5D00286431DD00CFFC41 /* SwiftUIAlarmUITests.swift */,
				16CF5D02286431DD00CFFC41 /* SwiftUIAlarmUITestsLaunchTests.swift */,
			);
			path = SwiftUIAlarmUITests;
			sourceTree = "<group>";
		};
/* End PBXGroup section */

/* Begin PBXNativeTarget section */
		16CF5CE1286431D900CFFC41 /* SwiftUIAlarm */ = {
			isa = PBXNativeTarget;
			buildConfigurationList = 16CF5D06286431DD00CFFC41 /* Build configuration list for PBXNativeTarget "SwiftUIAlarm" */;
			buildPhases = (
				16CF5CDE286431D900CFFC41 /* Sources */,
				16CF5CDF286431D900CFFC41 /* Frameworks */,
				16CF5CE0286431D900CFFC41 /* Resources */,
			);
			buildRules = (
			);
			dependencies = (
			);
			name = SwiftUIAlarm;
			productName = SwiftUIAlarm;
			productReference = 16CF5CE2286431D900CFFC41 /* SwiftUIAlarm.app */;
			productType = "com.apple.product-type.application";
		};
		16CF5CF1286431DD00CFFC41 /* SwiftUIAlarmTests */ = {
			isa = PBXNativeTarget;
			buildConfigurationList = 16CF5D09286431DD00CFFC41 /* Build configuration list for PBXNativeTarget "SwiftUIAlarmTests" */;
			buildPhases = (
				16CF5CEE286431DD00CFFC41 /* Sources */,
				16CF5CEF286431DD00CFFC41 /* Frameworks */,
				16CF5CF0286431DD00CFFC41 /* Resources */,
			);
			buildRules = (
			);
			dependencies = (
				16CF5CF4286431DD00CFFC41 /* PBXTargetDependency */,
			);
			name = SwiftUIAlarmTests;
			productName = SwiftUIAlarmTests;
			productReference = 16CF5CF2286431DD00CFFC41 /* SwiftUIAlarmTests.xctest */;
			productType = "com.apple.product-type.bundle.unit-test";
		};
		16CF5CFB286431DD00CFFC41 /* SwiftUIAlarmUITests */ = {
			isa = PBXNativeTarget;
			buildConfigurationList = 16CF5D0C286431DD00CFFC41 /* Build configuration list for PBXNativeTarget "SwiftUIAlarmUITests" */;
			buildPhases = (
				16CF5CF8286431DD00CFFC41 /* Sources */,
				16CF5CF9286431DD00CFFC41 /* Frameworks */,
				16CF5CFA286431DD00CFFC41 /* Resources */,
			);
			buildRules = (
			);
			dependencies = (
				16CF5CFE286431DD00CFFC41 /* PBXTargetDependency */,
			);
			name = SwiftUIAlarmUITests;
			productName = SwiftUIAlarmUITests;
			productReference = 16CF5CFC286431DD00CFFC41 /* SwiftUIAlarmUITests.xctest */;
			productType = "com.apple.product-type.bundle.ui-testing";
		};
/* End PBXNativeTarget section */

/* Begin PBXProject section */
		16CF5CDA286431D900CFFC41 /* Project object */ = {
			isa = PBXProject;
			attributes = {
				BuildIndependentTargetsInParallel = 1;
				LastSwiftUpdateCheck = 1330;
				LastUpgradeCheck = 1330;
				TargetAttributes = {
					16CF5CE1286431D900CFFC41 = {
						CreatedOnToolsVersion = 13.3.1;
					};
					16CF5CF1286431DD00CFFC41 = {
						CreatedOnToolsVersion = 13.3.1;
						TestTargetID = 16CF5CE1286431D900CFFC41;
					};
					16CF5CFB286431DD00CFFC41 = {
						CreatedOnToolsVersion = 13.3.1;
						TestTargetID = 16CF5CE1286431D900CFFC41;
					};
				};
			};
			buildConfigurationList = 16CF5CDD286431D900CFFC41 /* Build configuration list for PBXProject "SwiftUIAlarm" */;
			compatibilityVersion = "Xcode 13.0";
			developmentRegion = en;
			hasScannedForEncodings = 0;
			knownRegions = (
				en,
				Base,
			);
			mainGroup = 16CF5CD9286431D900CFFC41;
			productRefGroup = 16CF5CE3286431D900CFFC41 /* Products */;
			projectDirPath = "";
			projectRoot = "";
			targets = (
				16CF5CE1286431D900CFFC41 /* SwiftUIAlarm */,
				16CF5CF1286431DD00CFFC41 /* SwiftUIAlarmTests */,
				16CF5CFB286431DD00CFFC41 /* SwiftUIAlarmUITests */,
			);
		};
/* End PBXProject section */

/* Begin PBXResourcesBuildPhase section */
		16CF5CE0286431D900CFFC41 /* Resources */ = {
			isa = PBXResourcesBuildPhase;
			buildActionMask = 2147483647;
			files = (
				16CF5CED286431DC00CFFC41 /* Preview Assets.xcassets in Resources */,
				16CF5CEA286431DC00CFFC41 /* Assets.xcassets in Resources */,
			);
			runOnlyForDeploymentPostprocessing = 0;
		};
		16CF5CF0286431DD00CFFC41 /* Resources */ = {
			isa = PBXResourcesBuildPhase;
			buildActionMask = 2147483647;
			files = (
			);
			runOnlyForDeploymentPostprocessing = 0;
		};
		16CF5CFA286431DD00CFFC41 /* Resources */ = {
			isa = PBXResourcesBuildPhase;
			buildActionMask = 2147483647;
			files = (
			);
			runOnlyForDeploymentPostprocessing = 0;
		};
/* End PBXResourcesBuildPhase section */

/* Begin PBXSourcesBuildPhase section */
		16CF5CDE286431D900CFFC41 /* Sources */ = {
			isa = PBXSourcesBuildPhase;
			buildActionMask = 2147483647;
			files = (
				16CF5CE8286431D900CFFC41 /* AlarmListView.swift in Sources */,
				16CF5D1228643DA600CFFC41 /* AlarmData.swift in Sources */,
				16CF5CE6286431D900CFFC41 /* SwiftUIAlarmApp.swift in Sources */,
				16CF5D1028643BF400CFFC41 /* SceneDelegate.swift in Sources */,
			);
			runOnlyForDeploymentPostprocessing = 0;
		};
		16CF5CEE286431DD00CFFC41 /* Sources */ = {
			isa = PBXSourcesBuildPhase;
			buildActionMask = 2147483647;
			files = (
				16CF5CF7286431DD00CFFC41 /* SwiftUIAlarmTests.swift in Sources */,
			);
			runOnlyForDeploymentPostprocessing = 0;
		};
		16CF5CF8286431DD00CFFC41 /* Sources */ = {
			isa = PBXSourcesBuildPhase;
			buildActionMask = 2147483647;
			files = (
				16CF5D03286431DD00CFFC41 /* SwiftUIAlarmUITestsLaunchTests.swift in Sources */,
				16CF5D01286431DD00CFFC41 /* SwiftUIAlarmUITests.swift in Sources */,
			);
			runOnlyForDeploymentPostprocessing = 0;
		};
/* End PBXSourcesBuildPhase section */

/* Begin PBXTargetDependency section */
		16CF5CF4286431DD00CFFC41 /* PBXTargetDependency */ = {
			isa = PBXTargetDependency;
			target = 16CF5CE1286431D900CFFC41 /* SwiftUIAlarm */;
			targetProxy = 16CF5CF3286431DD00CFFC41 /* PBXContainerItemProxy */;
		};
		16CF5CFE286431DD00CFFC41 /* PBXTargetDependency */ = {
			isa = PBXTargetDependency;
			target = 16CF5CE1286431D900CFFC41 /* SwiftUIAlarm */;
			targetProxy = 16CF5CFD286431DD00CFFC41 /* PBXContainerItemProxy */;
		};
/* End PBXTargetDependency section */

/* Begin XCBuildConfiguration section */
		16CF5D04286431DD00CFFC41 /* Debug */ = {
			isa = XCBuildConfiguration;
			buildSettings = {
				ALWAYS_SEARCH_USER_PATHS = NO;
				CLANG_ANALYZER_NONNULL = YES;
				CLANG_ANALYZER_NUMBER_OBJECT_CONVERSION = YES_AGGRESSIVE;
				CLANG_CXX_LANGUAGE_STANDARD = "gnu++17";
				CLANG_ENABLE_MODULES = YES;
				CLANG_ENABLE_OBJC_ARC = YES;
				CLANG_ENABLE_OBJC_WEAK = YES;
				CLANG_WARN_BLOCK_CAPTURE_AUTORELEASING = YES;
				CLANG_WARN_BOOL_CONVERSION = YES;
				CLANG_WARN_COMMA = YES;
				CLANG_WARN_CONSTANT_CONVERSION = YES;
				CLANG_WARN_DEPRECATED_OBJC_IMPLEMENTATIONS = YES;
				CLANG_WARN_DIRECT_OBJC_ISA_USAGE = YES_ERROR;
				CLANG_WARN_DOCUMENTATION_COMMENTS = YES;
				CLANG_WARN_EMPTY_BODY = YES;
				CLANG_WARN_ENUM_CONVERSION = YES;
				CLANG_WARN_INFINITE_RECURSION = YES;
				CLANG_WARN_INT_CONVERSION = YES;
				CLANG_WARN_NON_LITERAL_NULL_CONVERSION = YES;
				CLANG_WARN_OBJC_IMPLICIT_RETAIN_SELF = YES;
				CLANG_WARN_OBJC_LITERAL_CONVERSION = YES;
				CLANG_WARN_OBJC_ROOT_CLASS = YES_ERROR;
				CLANG_WARN_QUOTED_INCLUDE_IN_FRAMEWORK_HEADER = YES;
				CLANG_WARN_RANGE_LOOP_ANALYSIS = YES;
				CLANG_WARN_STRICT_PROTOTYPES = YES;
				CLANG_WARN_SUSPICIOUS_MOVE = YES;
				CLANG_WARN_UNGUARDED_AVAILABILITY = YES_AGGRESSIVE;
				CLANG_WARN_UNREACHABLE_CODE = YES;
				CLANG_WARN__DUPLICATE_METHOD_MATCH = YES;
				COPY_PHASE_STRIP = NO;
				DEBUG_INFORMATION_FORMAT = dwarf;
				ENABLE_STRICT_OBJC_MSGSEND = YES;
				ENABLE_TESTABILITY = YES;
				GCC_C_LANGUAGE_STANDARD = gnu11;
				GCC_DYNAMIC_NO_PIC = NO;
				GCC_NO_COMMON_BLOCKS = YES;
				GCC_OPTIMIZATION_LEVEL = 0;
				GCC_PREPROCESSOR_DEFINITIONS = (
					"DEBUG=1",
					"$(inherited)",
				);
				GCC_WARN_64_TO_32_BIT_CONVERSION = YES;
				GCC_WARN_ABOUT_RETURN_TYPE = YES_ERROR;
				GCC_WARN_UNDECLARED_SELECTOR = YES;
				GCC_WARN_UNINITIALIZED_AUTOS = YES_AGGRESSIVE;
				GCC_WARN_UNUSED_FUNCTION = YES;
				GCC_WARN_UNUSED_VARIABLE = YES;
				IPHONEOS_DEPLOYMENT_TARGET = 15.4;
				MTL_ENABLE_DEBUG_INFO = INCLUDE_SOURCE;
				MTL_FAST_MATH = YES;
				ONLY_ACTIVE_ARCH = YES;
				SDKROOT = iphoneos;
				SWIFT_ACTIVE_COMPILATION_CONDITIONS = DEBUG;
				SWIFT_OPTIMIZATION_LEVEL = "-Onone";
			};
			name = Debug;
		};
		16CF5D05286431DD00CFFC41 /* Release */ = {
			isa = XCBuildConfiguration;
			buildSettings = {
				ALWAYS_SEARCH_USER_PATHS = NO;
				CLANG_ANALYZER_NONNULL = YES;
				CLANG_ANALYZER_NUMBER_OBJECT_CONVERSION = YES_AGGRESSIVE;
				CLANG_CXX_LANGUAGE_STANDARD = "gnu++17";
				CLANG_ENABLE_MODULES = YES;
				CLANG_ENABLE_OBJC_ARC = YES;
				CLANG_ENABLE_OBJC_WEAK = YES;
				CLANG_WARN_BLOCK_CAPTURE_AUTORELEASING = YES;
				CLANG_WARN_BOOL_CONVERSION = YES;
				CLANG_WARN_COMMA = YES;
				CLANG_WARN_CONSTANT_CONVERSION = YES;
				CLANG_WARN_DEPRECATED_OBJC_IMPLEMENTATIONS = YES;
				CLANG_WARN_DIRECT_OBJC_ISA_USAGE = YES_ERROR;
				CLANG_WARN_DOCUMENTATION_COMMENTS = YES;
				CLANG_WARN_EMPTY_BODY = YES;
				CLANG_WARN_ENUM_CONVERSION = YES;
				CLANG_WARN_INFINITE_RECURSION = YES;
				CLANG_WARN_INT_CONVERSION = YES;
				CLANG_WARN_NON_LITERAL_NULL_CONVERSION = YES;
				CLANG_WARN_OBJC_IMPLICIT_RETAIN_SELF = YES;
				CLANG_WARN_OBJC_LITERAL_CONVERSION = YES;
				CLANG_WARN_OBJC_ROOT_CLASS = YES_ERROR;
				CLANG_WARN_QUOTED_INCLUDE_IN_FRAMEWORK_HEADER = YES;
				CLANG_WARN_RANGE_LOOP_ANALYSIS = YES;
				CLANG_WARN_STRICT_PROTOTYPES = YES;
				CLANG_WARN_SUSPICIOUS_MOVE = YES;
				CLANG_WARN_UNGUARDED_AVAILABILITY = YES_AGGRESSIVE;
				CLANG_WARN_UNREACHABLE_CODE = YES;
				CLANG_WARN__DUPLICATE_METHOD_MATCH = YES;
				COPY_PHASE_STRIP = NO;
				DEBUG_INFORMATION_FORMAT = "dwarf-with-dsym";
				ENABLE_NS_ASSERTIONS = NO;
				ENABLE_STRICT_OBJC_MSGSEND = YES;
				GCC_C_LANGUAGE_STANDARD = gnu11;
				GCC_NO_COMMON_BLOCKS = YES;
				GCC_WARN_64_TO_32_BIT_CONVERSION = YES;
				GCC_WARN_ABOUT_RETURN_TYPE = YES_ERROR;
				GCC_WARN_UNDECLARED_SELECTOR = YES;
				GCC_WARN_UNINITIALIZED_AUTOS = YES_AGGRESSIVE;
				GCC_WARN_UNUSED_FUNCTION = YES;
				GCC_WARN_UNUSED_VARIABLE = YES;
				IPHONEOS_DEPLOYMENT_TARGET = 15.4;
				MTL_ENABLE_DEBUG_INFO = NO;
				MTL_FAST_MATH = YES;
				SDKROOT = iphoneos;
				SWIFT_COMPILATION_MODE = wholemodule;
				SWIFT_OPTIMIZATION_LEVEL = "-O";
				VALIDATE_PRODUCT = YES;
			};
			name = Release;
		};
		16CF5D07286431DD00CFFC41 /* Debug */ = {
			isa = XCBuildConfiguration;
			buildSettings = {
				ASSETCATALOG_COMPILER_APPICON_NAME = AppIcon;
				ASSETCATALOG_COMPILER_GLOBAL_ACCENT_COLOR_NAME = AccentColor;
				CODE_SIGN_STYLE = Automatic;
				CURRENT_PROJECT_VERSION = 1;
				DEVELOPMENT_ASSET_PATHS = "\"SwiftUIAlarm/Preview Content\"";
				DEVELOPMENT_TEAM = Z2D7WPWW6Y;
				ENABLE_PREVIEWS = YES;
				GENERATE_INFOPLIST_FILE = YES;
				INFOPLIST_KEY_UIApplicationSceneManifest_Generation = YES;
				INFOPLIST_KEY_UIApplicationSupportsIndirectInputEvents = YES;
				INFOPLIST_KEY_UILaunchScreen_Generation = YES;
				INFOPLIST_KEY_UISupportedInterfaceOrientations_iPad = "UIInterfaceOrientationPortrait UIInterfaceOrientationPortraitUpsideDown UIInterfaceOrientationLandscapeLeft UIInterfaceOrientationLandscapeRight";
				INFOPLIST_KEY_UISupportedInterfaceOrientations_iPhone = "UIInterfaceOrientationPortrait UIInterfaceOrientationLandscapeLeft UIInterfaceOrientationLandscapeRight";
				LD_RUNPATH_SEARCH_PATHS = (
					"$(inherited)",
					"@executable_path/Frameworks",
				);
				MARKETING_VERSION = 1.0;
				PRODUCT_BUNDLE_IDENTIFIER = bionime.SwiftUIAlarm;
				PRODUCT_NAME = "$(TARGET_NAME)";
				SWIFT_EMIT_LOC_STRINGS = YES;
				SWIFT_VERSION = 5.0;
				TARGETED_DEVICE_FAMILY = "1,2";
			};
			name = Debug;
		};
		16CF5D08286431DD00CFFC41 /* Release */ = {
			isa = XCBuildConfiguration;
			buildSettings = {
				ASSETCATALOG_COMPILER_APPICON_NAME = AppIcon;
				ASSETCATALOG_COMPILER_GLOBAL_ACCENT_COLOR_NAME = AccentColor;
				CODE_SIGN_STYLE = Automatic;
				CURRENT_PROJECT_VERSION = 1;
				DEVELOPMENT_ASSET_PATHS = "\"SwiftUIAlarm/Preview Content\"";
				DEVELOPMENT_TEAM = Z2D7WPWW6Y;
				ENABLE_PREVIEWS = YES;
				GENERATE_INFOPLIST_FILE = YES;
				INFOPLIST_KEY_UIApplicationSceneManifest_Generation = YES;
				INFOPLIST_KEY_UIApplicationSupportsIndirectInputEvents = YES;
				INFOPLIST_KEY_UILaunchScreen_Generation = YES;
				INFOPLIST_KEY_UISupportedInterfaceOrientations_iPad = "UIInterfaceOrientationPortrait UIInterfaceOrientationPortraitUpsideDown UIInterfaceOrientationLandscapeLeft UIInterfaceOrientationLandscapeRight";
				INFOPLIST_KEY_UISupportedInterfaceOrientations_iPhone = "UIInterfaceOrientationPortrait UIInterfaceOrientationLandscapeLeft UIInterfaceOrientationLandscapeRight";
				LD_RUNPATH_SEARCH_PATHS = (
					"$(inherited)",
					"@executable_path/Frameworks",
				);
				MARKETING_VERSION = 1.0;
				PRODUCT_BUNDLE_IDENTIFIER = bionime.SwiftUIAlarm;
				PRODUCT_NAME = "$(TARGET_NAME)";
				SWIFT_EMIT_LOC_STRINGS = YES;
				SWIFT_VERSION = 5.0;
				TARGETED_DEVICE_FAMILY = "1,2";
			};
			name = Release;
		};
		16CF5D0A286431DD00CFFC41 /* Debug */ = {
			isa = XCBuildConfiguration;
			buildSettings = {
				ALWAYS_EMBED_SWIFT_STANDARD_LIBRARIES = YES;
				BUNDLE_LOADER = "$(TEST_HOST)";
				CODE_SIGN_STYLE = Automatic;
				CURRENT_PROJECT_VERSION = 1;
				DEVELOPMENT_TEAM = Z2D7WPWW6Y;
				GENERATE_INFOPLIST_FILE = YES;
				IPHONEOS_DEPLOYMENT_TARGET = 15.4;
				MARKETING_VERSION = 1.0;
				PRODUCT_BUNDLE_IDENTIFIER = bionime.SwiftUIAlarmTests;
				PRODUCT_NAME = "$(TARGET_NAME)";
				SWIFT_EMIT_LOC_STRINGS = NO;
				SWIFT_VERSION = 5.0;
				TARGETED_DEVICE_FAMILY = "1,2";
				TEST_HOST = "$(BUILT_PRODUCTS_DIR)/SwiftUIAlarm.app/SwiftUIAlarm";
			};
			name = Debug;
		};
		16CF5D0B286431DD00CFFC41 /* Release */ = {
			isa = XCBuildConfiguration;
			buildSettings = {
				ALWAYS_EMBED_SWIFT_STANDARD_LIBRARIES = YES;
				BUNDLE_LOADER = "$(TEST_HOST)";
				CODE_SIGN_STYLE = Automatic;
				CURRENT_PROJECT_VERSION = 1;
				DEVELOPMENT_TEAM = Z2D7WPWW6Y;
				GENERATE_INFOPLIST_FILE = YES;
				IPHONEOS_DEPLOYMENT_TARGET = 15.4;
				MARKETING_VERSION = 1.0;
				PRODUCT_BUNDLE_IDENTIFIER = bionime.SwiftUIAlarmTests;
				PRODUCT_NAME = "$(TARGET_NAME)";
				SWIFT_EMIT_LOC_STRINGS = NO;
				SWIFT_VERSION = 5.0;
				TARGETED_DEVICE_FAMILY = "1,2";
				TEST_HOST = "$(BUILT_PRODUCTS_DIR)/SwiftUIAlarm.app/SwiftUIAlarm";
			};
			name = Release;
		};
		16CF5D0D286431DD00CFFC41 /* Debug */ = {
			isa = XCBuildConfiguration;
			buildSettings = {
				ALWAYS_EMBED_SWIFT_STANDARD_LIBRARIES = YES;
				CODE_SIGN_STYLE = Automatic;
				CURRENT_PROJECT_VERSION = 1;
				DEVELOPMENT_TEAM = Z2D7WPWW6Y;
				GENERATE_INFOPLIST_FILE = YES;
				MARKETING_VERSION = 1.0;
				PRODUCT_BUNDLE_IDENTIFIER = bionime.SwiftUIAlarmUITests;
				PRODUCT_NAME = "$(TARGET_NAME)";
				SWIFT_EMIT_LOC_STRINGS = NO;
				SWIFT_VERSION = 5.0;
				TARGETED_DEVICE_FAMILY = "1,2";
				TEST_TARGET_NAME = SwiftUIAlarm;
			};
			name = Debug;
		};
		16CF5D0E286431DD00CFFC41 /* Release */ = {
			isa = XCBuildConfiguration;
			buildSettings = {
				ALWAYS_EMBED_SWIFT_STANDARD_LIBRARIES = YES;
				CODE_SIGN_STYLE = Automatic;
				CURRENT_PROJECT_VERSION = 1;
				DEVELOPMENT_TEAM = Z2D7WPWW6Y;
				GENERATE_INFOPLIST_FILE = YES;
				MARKETING_VERSION = 1.0;
				PRODUCT_BUNDLE_IDENTIFIER = bionime.SwiftUIAlarmUITests;
				PRODUCT_NAME = "$(TARGET_NAME)";
				SWIFT_EMIT_LOC_STRINGS = NO;
				SWIFT_VERSION = 5.0;
				TARGETED_DEVICE_FAMILY = "1,2";
				TEST_TARGET_NAME = SwiftUIAlarm;
			};
			name = Release;
		};
/* End XCBuildConfiguration section */

/* Begin XCConfigurationList section */
		16CF5CDD286431D900CFFC41 /* Build configuration list for PBXProject "SwiftUIAlarm" */ = {
			isa = XCConfigurationList;
			buildConfigurations = (
				16CF5D04286431DD00CFFC41 /* Debug */,
				16CF5D05286431DD00CFFC41 /* Release */,
			);
			defaultConfigurationIsVisible = 0;
			defaultConfigurationName = Release;
		};
		16CF5D06286431DD00CFFC41 /* Build configuration list for PBXNativeTarget "SwiftUIAlarm" */ = {
			isa = XCConfigurationList;
			buildConfigurations = (
				16CF5D07286431DD00CFFC41 /* Debug */,
				16CF5D08286431DD00CFFC41 /* Release */,
			);
			defaultConfigurationIsVisible = 0;
			defaultConfigurationName = Release;
		};
		16CF5D09286431DD00CFFC41 /* Build configuration list for PBXNativeTarget "SwiftUIAlarmTests" */ = {
			isa = XCConfigurationList;
			buildConfigurations = (
				16CF5D0A286431DD00CFFC41 /* Debug */,
				16CF5D0B286431DD00CFFC41 /* Release */,
			);
			defaultConfigurationIsVisible = 0;
			defaultConfigurationName = Release;
		};
		16CF5D0C286431DD00CFFC41 /* Build configuration list for PBXNativeTarget "SwiftUIAlarmUITests" */ = {
			isa = XCConfigurationList;
			buildConfigurations = (
				16CF5D0D286431DD00CFFC41 /* Debug */,
				16CF5D0E286431DD00CFFC41 /* Release */,
			);
			defaultConfigurationIsVisible = 0;
			defaultConfigurationName = Release;
		};
/* End XCConfigurationList section */
	};
	rootObject = 16CF5CDA286431D900CFFC41 /* Project object */;
}
